
Microsoft Visual Studio Solution File, Format Version 12.00
# Visual Studio 15
VisualStudioVersion = 15.0.27428.2015
MinimumVisualStudioVersion = 10.0.40219.1
Project("{FAE04EC0-301F-11D3-BF4B-00C04F79EFBC}") = "CalcApp", "CalcApp\CalcApp.csproj", "{B34E5FCA-73D5-4AA6-9FC1-5EFEBD12CB14}"
EndProject
Global
	GlobalSection(SolutionConfigurationPlatforms) = preSolution
		Debug|Any CPU = Debug|Any CPU
		Release|Any CPU = Release|Any CPU
	EndGlobalSection
	GlobalSection(ProjectConfigurationPlatforms) = postSolution
		{B34E5FCA-73D5-4AA6-9FC1-5EFEBD12CB14}.Debug|Any CPU.ActiveCfg = Debug|Any CPU
		{B34E5FCA-73D5-4AA6-9FC1-5EFEBD12CB14}.Debug|Any CPU.Build.0 = Debug|Any CPU
		{B34E5FCA-73D5-4AA6-9FC1-5EFEBD12CB14}.Release|Any CPU.ActiveCfg = Release|Any CPU
		{B34E5FCA-73D5-4AA6-9FC1-5EFEBD12CB14}.Release|Any CPU.Build.0 = Release|Any CPU
	EndGlobalSection
	GlobalSection(SolutionProperties) = preSolution
		HideSolutionNode = FALSE
	EndGlobalSection
	GlobalSection(ExtensibilityGlobals) = postSolution
		SolutionGuid = {A932FBA3-68F1-4852-833A-A0DCF2BACAA5}
	EndGlobalSection
EndGlobal
